
Microsoft Visual Studio Solution File, Format Version 12.00
# Visual Studio Version 16
VisualStudioVersion = 16.0.29709.97
MinimumVisualStudioVersion = 10.0.40219.1
Project("{FAE04EC0-301F-11D3-BF4B-00C04F79EFBC}") = "Gites", "Gites.csproj", "{A45235D7-4B0A-4B4E-A54C-8046F8BE5340}"
EndProject
Global
	GlobalSection(SolutionConfigurationPlatforms) = preSolution
		Debug|Any CPU = Debug|Any CPU
		Release|Any CPU = Release|Any CPU
	EndGlobalSection
	GlobalSection(ProjectConfigurationPlatforms) = postSolution
		{A45235D7-4B0A-4B4E-A54C-8046F8BE5340}.Debug|Any CPU.ActiveCfg = Debug|Any CPU
		{A45235D7-4B0A-4B4E-A54C-8046F8BE5340}.Debug|Any CPU.Build.0 = Debug|Any CPU
		{A45235D7-4B0A-4B4E-A54C-8046F8BE5340}.Release|Any CPU.ActiveCfg = Release|Any CPU
		{A45235D7-4B0A-4B4E-A54C-8046F8BE5340}.Release|Any CPU.Build.0 = Release|Any CPU
	EndGlobalSection
	GlobalSection(SolutionProperties) = preSolution
		HideSolutionNode = FALSE
	EndGlobalSection
	GlobalSection(ExtensibilityGlobals) = postSolution
		SolutionGuid = {D5A634F9-F1F0-49A6-A5B0-B45DF67B82B4}
	EndGlobalSection
EndGlobal
